<?xml version="1.0" encoding="utf-8"?>
<Project ToolsVersion="4.0" xmlns="http://schemas.microsoft.com/developer/msbuild/2003">
  <ItemGroup>
    <Filter Include="Source Files">
      <UniqueIdentifier>{4FC737F1-C7A5-4376-A066-2A32D752A2FF}</UniqueIdentifier>
      <Extensions>cpp;c;cc;cxx;c++;cppm;ixx;def;odl;idl;hpj;bat;asm;asmx</Extensions>
    </Filter>
    <Filter Include="Header Files">
      <UniqueIdentifier>{93995380-89BD-4b04-88EB-625FBE52EBFB}</UniqueIdentifier>
      <Extensions>h;hh;hpp;hxx;h++;hm;inl;inc;ipp;xsd</Extensions>
    </Filter>
    <Filter Include="Resource Files">
      <UniqueIdentifier>{67DA6AB6-F800-4c08-8B7A-83BB121AAD01}</UniqueIdentifier>
      <Extensions>rc;ico;cur;bmp;dlg;rc2;rct;bin;rgs;gif;jpg;jpeg;jpe;resx;tiff;tif;png;wav;mfcribbon-ms</Extensions>
    </Filter>
    <Filter Include="Utility">
      <UniqueIdentifier>{c69c8a58-c864-4cfc-a778-dd00321a1b95}</UniqueIdentifier>
    </Filter>
    <Filter Include="Global">
      <UniqueIdentifier>{6d70754c-ec98-4e9d-bcd0-e9214d418282}</UniqueIdentifier>
    </Filter>
    <Filter Include="Imgui">
      <UniqueIdentifier>{77abaaa6-57e3-4fe1-9ee2-2cf70a9636c5}</UniqueIdentifier>
    </Filter>
    <Filter Include="Esp">
      <UniqueIdentifier>{2aff3453-e0b8-48eb-b1b7-0831c85d0c89}</UniqueIdentifier>
    </Filter>
    <Filter Include="Dx11">
      <UniqueIdentifier>{30f89027-9b11-448a-8349-39022bb9e53b}</UniqueIdentifier>
    </Filter>
    <Filter Include="Algorithm">
      <UniqueIdentifier>{074d4a9e-247c-43ac-9ff6-38323e1fbc8f}</UniqueIdentifier>
    </Filter>
    <Filter Include="Settings">
      <UniqueIdentifier>{3815baed-b234-4cbd-b732-213fbe047e32}</UniqueIdentifier>
    </Filter>
    <Filter Include="Data">
      <UniqueIdentifier>{a3332084-0d61-4331-92d6-374bf5d8537d}</UniqueIdentifier>
    </Filter>
    <Filter Include="Memory">
      <UniqueIdentifier>{970add2f-2838-4db1-805c-6941de0c4fac}</UniqueIdentifier>
    </Filter>
    <Filter Include="AimBot">
      <UniqueIdentifier>{b2294eb6-ff46-4fc0-abb9-d00a10b04bd9}</UniqueIdentifier>
    </Filter>
    <Filter Include="class">
      <UniqueIdentifier>{b15db66f-72a3-4ae9-9155-3abd3749b767}</UniqueIdentifier>
    </Filter>
    <Filter Include="Discord">
      <UniqueIdentifier>{66f3da97-a560-4a1d-959b-1b38c7d69b1d}</UniqueIdentifier>
    </Filter>
  </ItemGroup>
  <ItemGroup>
    <ClCompile Include="Utility\Utility.cpp">
      <Filter>Utility</Filter>
    </ClCompile>
    <ClCompile Include="Global\Global.cpp">
      <Filter>Global</Filter>
    </ClCompile>
    <ClCompile Include="imgui-docking\imgui_demo.cpp">
      <Filter>Imgui</Filter>
    </ClCompile>
    <ClCompile Include="imgui-docking\imgui_draw.cpp">
      <Filter>Imgui</Filter>
    </ClCompile>
    <ClCompile Include="imgui-docking\imgui_impl_dx11.cpp">
      <Filter>Imgui</Filter>
    </ClCompile>
    <ClCompile Include="imgui-docking\imgui_impl_win32.cpp">
      <Filter>Imgui</Filter>
    </ClCompile>
    <ClCompile Include="imgui-docking\imgui_tables.cpp">
      <Filter>Imgui</Filter>
    </ClCompile>
    <ClCompile Include="imgui-docking\imgui_widgets.cpp">
      <Filter>Imgui</Filter>
    </ClCompile>
    <ClCompile Include="imgui-docking\imgui.cpp">
      <Filter>Imgui</Filter>
    </ClCompile>
    <ClCompile Include="Esp\Esp.cpp">
      <Filter>Esp</Filter>
    </ClCompile>
    <ClCompile Include="Dx11\DX11Window.cpp">
      <Filter>Dx11</Filter>
    </ClCompile>
    <ClCompile Include="Dx11\DX11.cpp">
      <Filter>Dx11</Filter>
    </ClCompile>
    <ClCompile Include="Algorithm\Algorithm.cpp">
      <Filter>Algorithm</Filter>
    </ClCompile>
    <ClCompile Include="Settings\Settings.cpp">
      <Filter>Settings</Filter>
    </ClCompile>
    <ClCompile Include="Data\Data.cpp">
      <Filter>Data</Filter>
    </ClCompile>
    <ClCompile Include="Aimbot\Aimbot.cpp">
      <Filter>AimBot</Filter>
    </ClCompile>
    <ClCompile Include="Memory.cpp">
      <Filter>Memory</Filter>
    </ClCompile>
    <ClCompile Include="discord-rpc-master\src\serialization.cpp">
      <Filter>class</Filter>
    </ClCompile>
    <ClCompile Include="discord-rpc-master\src\connection_win.cpp">
      <Filter>class</Filter>
    </ClCompile>
    <ClCompile Include="discord-rpc-master\src\discord_register_win.cpp">
      <Filter>class</Filter>
    </ClCompile>
    <ClCompile Include="discord-rpc-master\src\discord_rpc.cpp">
      <Filter>class</Filter>
    </ClCompile>
    <ClCompile Include="discord-rpc-master\src\dllmain.cpp">
      <Filter>class</Filter>
    </ClCompile>
    <ClCompile Include="discord-rpc-master\src\rpc_connection.cpp">
      <Filter>class</Filter>
    </ClCompile>
    <ClCompile Include="discord\Discord.cpp">
      <Filter>Discord</Filter>
    </ClCompile>
    <ClCompile Include="Main.cpp">
      <Filter>Source Files</Filter>
    </ClCompile>
  </ItemGroup>
  <ItemGroup>
    <ClInclude Include="Includes.h">
      <Filter>Header Files</Filter>
    </ClInclude>
    <ClInclude Include="Utility\Utility.h">
      <Filter>Utility</Filter>
    </ClInclude>
    <ClInclude Include="Global\Global.h">
      <Filter>Global</Filter>
    </ClInclude>
    <ClInclude Include="imgui-docking\imgui.h">
      <Filter>Imgui</Filter>
    </ClInclude>
    <ClInclude Include="imgui-docking\imgui_impl_dx11.h">
      <Filter>Imgui</Filter>
    </ClInclude>
    <ClInclude Include="imgui-docking\imgui_impl_win32.h">
      <Filter>Imgui</Filter>
    </ClInclude>
    <ClInclude Include="imgui-docking\imgui_internal.h">
      <Filter>Imgui</Filter>
    </ClInclude>
    <ClInclude Include="imgui-docking\imstb_rectpack.h">
      <Filter>Imgui</Filter>
    </ClInclude>
    <ClInclude Include="imgui-docking\imstb_textedit.h">
      <Filter>Imgui</Filter>
    </ClInclude>
    <ClInclude Include="imgui-docking\imstb_truetype.h">
      <Filter>Imgui</Filter>
    </ClInclude>
    <ClInclude Include="imgui-docking\imconfig.h">
      <Filter>Imgui</Filter>
    </ClInclude>
    <ClInclude Include="Esp\Esp.h">
      <Filter>Esp</Filter>
    </ClInclude>
    <ClInclude Include="Dx11\DX11Window.h">
      <Filter>Dx11</Filter>
    </ClInclude>
    <ClInclude Include="Dx11\DX11.h">
      <Filter>Dx11</Filter>
    </ClInclude>
    <ClInclude Include="Algorithm\Algorithm.h">
      <Filter>Algorithm</Filter>
    </ClInclude>
    <ClInclude Include="Settings\Settings.h">
      <Filter>Settings</Filter>
    </ClInclude>
    <ClInclude Include="Data\Data.h">
      <Filter>Data</Filter>
    </ClInclude>
    <ClInclude Include="Offset.h">
      <Filter>Header Files</Filter>
    </ClInclude>
    <ClInclude Include="Aimbot\Aimbot.h">
      <Filter>AimBot</Filter>
    </ClInclude>
    <ClInclude Include="Memory.h">
      <Filter>Memory</Filter>
    </ClInclude>
    <ClInclude Include="resource.h">
      <Filter>Header Files</Filter>
    </ClInclude>
    <ClInclude Include="resource.h">
      <Filter>Resource Files</Filter>
    </ClInclude>
    <ClInclude Include="discord-rpc-master\src\rpc_connection.h">
      <Filter>class</Filter>
    </ClInclude>
    <ClInclude Include="discord-rpc-master\src\serialization.h">
      <Filter>class</Filter>
    </ClInclude>
    <ClInclude Include="discord-rpc-master\src\backoff.h">
      <Filter>class</Filter>
    </ClInclude>
    <ClInclude Include="discord-rpc-master\src\connection.h">
      <Filter>class</Filter>
    </ClInclude>
    <ClInclude Include="discord-rpc-master\src\msg_queue.h">
      <Filter>class</Filter>
    </ClInclude>
    <ClInclude Include="discord\Discord.h">
      <Filter>Discord</Filter>
    </ClInclude>
    <ClInclude Include="Images\Images.h">
      <Filter>Header Files</Filter>
    </ClInclude>
    <ClInclude Include="ImagesInclude.hpp">
      <Filter>Header Files</Filter>
    </ClInclude>
  </ItemGroup>
  <ItemGroup>
    <ResourceCompile Include="Resource.rc">
      <Filter>Resource Files</Filter>
    </ResourceCompile>
  </ItemGroup>
</Project>